// !$*UTF8*$!
{
	archiveVersion = 1;
	classes = {
	};
	objectVersion = 46;
	objects = {

/* Begin PBXBuildFile section */
		AB0D69131D5AC4DF003976DF /* AppDelegate.swift in Sources */ = {isa = PBXBuildFile; fileRef = AB0D69121D5AC4DF003976DF /* AppDelegate.swift */; };
		AB0D69151D5AC4DF003976DF /* ViewController.swift in Sources */ = {isa = PBXBuildFile; fileRef = AB0D69141D5AC4DF003976DF /* ViewController.swift */; };
		AB0D69181D5AC4DF003976DF /* Main.storyboard in Resources */ = {isa = PBXBuildFile; fileRef = AB0D69161D5AC4DF003976DF /* Main.storyboard */; };
		AB0D691A1D5AC4DF003976DF /* Assets.xcassets in Resources */ = {isa = PBXBuildFile; fileRef = AB0D69191D5AC4DF003976DF /* Assets.xcassets */; };
		AB0D691D1D5AC4DF003976DF /* LaunchScreen.storyboard in Resources */ = {isa = PBXBuildFile; fileRef = AB0D691B1D5AC4DF003976DF /* LaunchScreen.storyboard */; };
		ABDE9D6C1D5B759F00EE98F4 /* CalculatorBrain.swift in Sources */ = {isa = PBXBuildFile; fileRef = ABDE9D6B1D5B759F00EE98F4 /* CalculatorBrain.swift */; };
/* End PBXBuildFile section */

/* Begin PBXFileReference section */
		AB0D690F1D5AC4DF003976DF /* Calculator.app */ = {isa = PBXFileReference; explicitFileType = wrapper.application; includeInIndex = 0; path = Calculator.app; sourceTree = BUILT_PRODUCTS_DIR; };
		AB0D69121D5AC4DF003976DF /* AppDelegate.swift */ = {isa = PBXFileReference; lastKnownFileType = sourcecode.swift; path = AppDelegate.swift; sourceTree = "<group>"; };
		AB0D69141D5AC4DF003976DF /* ViewController.swift */ = {isa = PBXFileReference; lastKnownFileType = sourcecode.swift; path = ViewController.swift; sourceTree = "<group>"; };
		AB0D69171D5AC4DF003976DF /* Base */ = {isa = PBXFileReference; lastKnownFileType = file.storyboard; name = Base; path = Base.lproj/Main.storyboard; sourceTree = "<group>"; };
		AB0D69191D5AC4DF003976DF /* Assets.xcassets */ = {isa = PBXFileReference; lastKnownFileType = folder.assetcatalog; path = Assets.xcassets; sourceTree = "<group>"; };
		AB0D691C1D5AC4DF003976DF /* Base */ = {isa = PBXFileReference; lastKnownFileType = file.storyboard; name = Base; path = Base.lproj/LaunchScreen.storyboard; sourceTree = "<group>"; };
		AB0D691E1D5AC4DF003976DF /* Info.plist */ = {isa = PBXFileReference; lastKnownFileType = text.plist.xml; path = Info.plist; sourceTree = "<group>"; };
		ABDE9D6B1D5B759F00EE98F4 /* CalculatorBrain.swift */ = {isa = PBXFileReference; fileEncoding = 4; lastKnownFileType = sourcecode.swift; path = CalculatorBrain.swift; sourceTree = "<group>"; };
/* End PBXFileReference section */

/* Begin PBXFrameworksBuildPhase section */
		AB0D690C1D5AC4DF003976DF /* Frameworks */ = {
			isa = PBXFrameworksBuildPhase;
			buildActionMask = 2147483647;
			files = (
			);
			runOnlyForDeploymentPostprocessing = 0;
		};
/* End PBXFrameworksBuildPhase section */

/* Begin PBXGroup section */
		AB0D69061D5AC4DF003976DF = {
			isa = PBXGroup;
			children = (
				AB0D69111D5AC4DF003976DF /* Calculator */,
				AB0D69101D5AC4DF003976DF /* Products */,
			);
			sourceTree = "<group>";
		};
		AB0D69101D5AC4DF003976DF /* Products */ = {
			isa = PBXGroup;
			children = (
				AB0D690F1D5AC4DF003976DF /* Calculator.app */,
			);
			name = Products;
			sourceTree = "<group>";
		};
		AB0D69111D5AC4DF003976DF /* Calculator */ = {
			isa = PBXGroup;
			children = (
				ABDE9D6B1D5B759F00EE98F4 /* CalculatorBrain.swift */,
				AB0D69141D5AC4DF003976DF /* ViewController.swift */,
				AB0D69161D5AC4DF003976DF /* Main.storyboard */,
				AB0D69241D5AC777003976DF /* Supporting Files */,
			);
			path = Calculator;
			sourceTree = "<group>";
		};
		AB0D69241D5AC777003976DF /* Supporting Files */ = {
			isa = PBXGroup;
			children = (
				AB0D69121D5AC4DF003976DF /* AppDelegate.swift */,
				AB0D69191D5AC4DF003976DF /* Assets.xcassets */,
				AB0D691B1D5AC4DF003976DF /* LaunchScreen.storyboard */,
				AB0D691E1D5AC4DF003976DF /* Info.plist */,
			);
			name = "Supporting Files";
			sourceTree = "<group>";
		};
/* End PBXGroup section */

/* Begin PBXNativeTarget section */
		AB0D690E1D5AC4DF003976DF /* Calculator */ = {
			isa = PBXNativeTarget;
			buildConfigurationList = AB0D69211D5AC4DF003976DF /* Build configuration list for PBXNativeTarget "Calculator" */;
			buildPhases = (
				AB0D690B1D5AC4DF003976DF /* Sources */,
				AB0D690C1D5AC4DF003976DF /* Frameworks */,
				AB0D690D1D5AC4DF003976DF /* Resources */,
			);
			buildRules = (
			);
			dependencies = (
			);
			name = Calculator;
			productName = Calculator;
			productReference = AB0D690F1D5AC4DF003976DF /* Calculator.app */;
			productType = "com.apple.product-type.application";
		};
/* End PBXNativeTarget section */

/* Begin PBXProject section */
		AB0D69071D5AC4DF003976DF /* Project object */ = {
			isa = PBXProject;
			attributes = {
				LastSwiftUpdateCheck = 0730;
				LastUpgradeCheck = 0800;
				ORGANIZATIONNAME = "Jonathan Zelaya";
				TargetAttributes = {
					AB0D690E1D5AC4DF003976DF = {
						CreatedOnToolsVersion = 7.3.1;
						DevelopmentTeam = 9MX9SPD5KR;
						LastSwiftMigration = 0800;
					};
				};
			};
			buildConfigurationList = AB0D690A1D5AC4DF003976DF /* Build configuration list for PBXProject "Calculator" */;
			compatibilityVersion = "Xcode 3.2";
			developmentRegion = English;
			hasScannedForEncodings = 0;
			knownRegions = (
				en,
				Base,
			);
			mainGroup = AB0D69061D5AC4DF003976DF;
			productRefGroup = AB0D69101D5AC4DF003976DF /* Products */;
			projectDirPath = "";
			projectRoot = "";
			targets = (
				AB0D690E1D5AC4DF003976DF /* Calculator */,
			);
		};
/* End PBXProject section */

/* Begin PBXResourcesBuildPhase section */
		AB0D690D1D5AC4DF003976DF /* Resources */ = {
			isa = PBXResourcesBuildPhase;
			buildActionMask = 2147483647;
			files = (
				AB0D691D1D5AC4DF003976DF /* LaunchScreen.storyboard in Resources */,
				AB0D691A1D5AC4DF003976DF /* Assets.xcassets in Resources */,
				AB0D69181D5AC4DF003976DF /* Main.storyboard in Resources */,
			);
			runOnlyForDeploymentPostprocessing = 0;
		};
/* End PBXResourcesBuildPhase section */

/* Begin PBXSourcesBuildPhase section */
		AB0D690B1D5AC4DF003976DF /* Sources */ = {
			isa = PBXSourcesBuildPhase;
			buildActionMask = 2147483647;
			files = (
				ABDE9D6C1D5B759F00EE98F4 /* CalculatorBrain.swift in Sources */,
				AB0D69151D5AC4DF003976DF /* ViewController.swift in Sources */,
				AB0D69131D5AC4DF003976DF /* AppDelegate.swift in Sources */,
			);
			runOnlyForDeploymentPostprocessing = 0;
		};
/* End PBXSourcesBuildPhase section */

/* Begin PBXVariantGroup section */
		AB0D69161D5AC4DF003976DF /* Main.storyboard */ = {
			isa = PBXVariantGroup;
			children = (
				AB0D69171D5AC4DF003976DF /* Base */,
			);
			name = Main.storyboard;
			sourceTree = "<group>";
		};
		AB0D691B1D5AC4DF003976DF /* LaunchScreen.storyboard */ = {
			isa = PBXVariantGroup;
			children = (
				AB0D691C1D5AC4DF003976DF /* Base */,
			);
			name = LaunchScreen.storyboard;
			sourceTree = "<group>";
		};
/* End PBXVariantGroup section */

/* Begin XCBuildConfiguration section */
		AB0D691F1D5AC4DF003976DF /* Debug */ = {
			isa = XCBuildConfiguration;
			buildSettings = {
				ALWAYS_SEARCH_USER_PATHS = NO;
				CLANG_ANALYZER_NONNULL = YES;
				CLANG_CXX_LANGUAGE_STANDARD = "gnu++0x";
				CLANG_CXX_LIBRARY = "libc++";
				CLANG_ENABLE_MODULES = YES;
				CLANG_ENABLE_OBJC_ARC = YES;
				CLANG_WARN_BOOL_CONVERSION = YES;
				CLANG_WARN_CONSTANT_CONVERSION = YES;
				CLANG_WARN_DIRECT_OBJC_ISA_USAGE = YES_ERROR;
				CLANG_WARN_EMPTY_BODY = YES;
				CLANG_WARN_ENUM_CONVERSION = YES;
				CLANG_WARN_INFINITE_RECURSION = YES;
				CLANG_WARN_INT_CONVERSION = YES;
				CLANG_WARN_OBJC_ROOT_CLASS = YES_ERROR;
				CLANG_WARN_SUSPICIOUS_MOVE = YES;
				CLANG_WARN_UNREACHABLE_CODE = YES;
				CLANG_WARN__DUPLICATE_METHOD_MATCH = YES;
				"CODE_SIGN_IDENTITY[sdk=iphoneos*]" = "iPhone Developer";
				COPY_PHASE_STRIP = NO;
				DEBUG_INFORMATION_FORMAT = dwarf;
				ENABLE_STRICT_OBJC_MSGSEND = YES;
				ENABLE_TESTABILITY = YES;
				GCC_C_LANGUAGE_STANDARD = gnu99;
				GCC_DYNAMIC_NO_PIC = NO;
				GCC_NO_COMMON_BLOCKS = YES;
				GCC_OPTIMIZATION_LEVEL = 0;
				GCC_PREPROCESSOR_DEFINITIONS = (
					"DEBUG=1",
					"$(inherited)",
				);
				GCC_WARN_64_TO_32_BIT_CONVERSION = YES;
				GCC_WARN_ABOUT_RETURN_TYPE = YES_ERROR;
				GCC_WARN_UNDECLARED_SELECTOR = YES;
				GCC_WARN_UNINITIALIZED_AUTOS = YES_AGGRESSIVE;
				GCC_WARN_UNUSED_FUNCTION = YES;
				GCC_WARN_UNUSED_VARIABLE = YES;
				IPHONEOS_DEPLOYMENT_TARGET = 9.3;
				MTL_ENABLE_DEBUG_INFO = YES;
				ONLY_ACTIVE_ARCH = YES;
				SDKROOT = iphoneos;
				SWIFT_OPTIMIZATION_LEVEL = "-Onone";
				TARGETED_DEVICE_FAMILY = "1,2";
			};
			name = Debug;
		};
		AB0D69201D5AC4DF003976DF /* Release */ = {
			isa = XCBuildConfiguration;
			buildSettings = {
				ALWAYS_SEARCH_USER_PATHS = NO;
				CLANG_ANALYZER_NONNULL = YES;
				CLANG_CXX_LANGUAGE_STANDARD = "gnu++0x";
				CLANG_CXX_LIBRARY = "libc++";
				CLANG_ENABLE_MODULES = YES;
				CLANG_ENABLE_OBJC_ARC = YES;
				CLANG_WARN_BOOL_CONVERSION = YES;
				CLANG_WARN_CONSTANT_CONVERSION = YES;
				CLANG_WARN_DIRECT_OBJC_ISA_USAGE = YES_ERROR;
				CLANG_WARN_EMPTY_BODY = YES;
				CLANG_WARN_ENUM_CONVERSION = YES;
				CLANG_WARN_INFINITE_RECURSION = YES;
				CLANG_WARN_INT_CONVERSION = YES;
				CLANG_WARN_OBJC_ROOT_CLASS = YES_ERROR;
				CLANG_WARN_SUSPICIOUS_MOVE = YES;
				CLANG_WARN_UNREACHABLE_CODE = YES;
				CLANG_WARN__DUPLICATE_METHOD_MATCH = YES;
				"CODE_SIGN_IDENTITY[sdk=iphoneos*]" = "iPhone Developer";
				COPY_PHASE_STRIP = NO;
				DEBUG_INFORMATION_FORMAT = "dwarf-with-dsym";
				ENABLE_NS_ASSERTIONS = NO;
				ENABLE_STRICT_OBJC_MSGSEND = YES;
				GCC_C_LANGUAGE_STANDARD = gnu99;
				GCC_NO_COMMON_BLOCKS = YES;
				GCC_WARN_64_TO_32_BIT_CONVERSION = YES;
				GCC_WARN_ABOUT_RETURN_TYPE = YES_ERROR;
				GCC_WARN_UNDECLARED_SELECTOR = YES;
				GCC_WARN_UNINITIALIZED_AUTOS = YES_AGGRESSIVE;
				GCC_WARN_UNUSED_FUNCTION = YES;
				GCC_WARN_UNUSED_VARIABLE = YES;
				IPHONEOS_DEPLOYMENT_TARGET = 9.3;
				MTL_ENABLE_DEBUG_INFO = NO;
				SDKROOT = iphoneos;
				SWIFT_OPTIMIZATION_LEVEL = "-Owholemodule";
				TARGETED_DEVICE_FAMILY = "1,2";
				VALIDATE_PRODUCT = YES;
			};
			name = Release;
		};
		AB0D69221D5AC4DF003976DF /* Debug */ = {
			isa = XCBuildConfiguration;
			buildSettings = {
				ASSETCATALOG_COMPILER_APPICON_NAME = AppIcon;
				CODE_SIGN_IDENTITY = "iPhone Developer";
				INFOPLIST_FILE = Calculator/Info.plist;
				LD_RUNPATH_SEARCH_PATHS = "$(inherited) @executable_path/Frameworks";
				PRODUCT_BUNDLE_IDENTIFIER = zelaya.jonathan.calculator;
				PRODUCT_NAME = "$(TARGET_NAME)";
				SWIFT_VERSION = 3.0;
			};
			name = Debug;
		};
		AB0D69231D5AC4DF003976DF /* Release */ = {
			isa = XCBuildConfiguration;
			buildSettings = {
				ASSETCATALOG_COMPILER_APPICON_NAME = AppIcon;
				CODE_SIGN_IDENTITY = "iPhone Developer";
				INFOPLIST_FILE = Calculator/Info.plist;
				LD_RUNPATH_SEARCH_PATHS = "$(inherited) @executable_path/Frameworks";
				PRODUCT_BUNDLE_IDENTIFIER = zelaya.jonathan.calculator;
				PRODUCT_NAME = "$(TARGET_NAME)";
				SWIFT_VERSION = 3.0;
			};
			name = Release;
		};
/* End XCBuildConfiguration section */

/* Begin XCConfigurationList section */
		AB0D690A1D5AC4DF003976DF /* Build configuration list for PBXProject "Calculator" */ = {
			isa = XCConfigurationList;
			buildConfigurations = (
				AB0D691F1D5AC4DF003976DF /* Debug */,
				AB0D69201D5AC4DF003976DF /* Release */,
			);
			defaultConfigurationIsVisible = 0;
			defaultConfigurationName = Release;
		};
		AB0D69211D5AC4DF003976DF /* Build configuration list for PBXNativeTarget "Calculator" */ = {
			isa = XCConfigurationList;
			buildConfigurations = (
				AB0D69221D5AC4DF003976DF /* Debug */,
				AB0D69231D5AC4DF003976DF /* Release */,
			);
			defaultConfigurationIsVisible = 0;
			defaultConfigurationName = Release;
		};
/* End XCConfigurationList section */
	};
	rootObject = AB0D69071D5AC4DF003976DF /* Project object */;
}
